<?xml version="1.0" encoding="utf-8"?>
<Project ToolsVersion="4.0" xmlns="http://schemas.microsoft.com/developer/msbuild/2003">
  <ItemGroup>
    <ClCompile Include="main.cpp" />
    <ClCompile Include="Animation.cpp">
      <Filter>Engine\Animation</Filter>
    </ClCompile>
    <ClCompile Include="ContentManagement.cpp">
      <Filter>Engine\Management</Filter>
    </ClCompile>
    <ClCompile Include="Engine.cpp">
      <Filter>Engine\Core</Filter>
    </ClCompile>
    <ClCompile Include="Font.cpp">
      <Filter>Engine\Font</Filter>
    </ClCompile>
    <ClCompile Include="Enemy.cpp">
      <Filter>Game\Object\Entity\Enemy</Filter>
    </ClCompile>
    <ClCompile Include="Exitzone.cpp">
      <Filter>Game\Object\ExitZone</Filter>
    </ClCompile>
    <ClCompile Include="Helper.cpp">
      <Filter>Engine\Helper</Filter>
    </ClCompile>
    <ClCompile Include="Input.cpp">
      <Filter>Engine\Input</Filter>
    </ClCompile>
    <ClCompile Include="MainScene.cpp">
      <Filter>Game\Scene\MainScene</Filter>
    </ClCompile>
    <ClCompile Include="MenuScene.cpp">
      <Filter>Game\Scene\MenuScene</Filter>
    </ClCompile>
    <ClCompile Include="Mouse.cpp">
      <Filter>Engine\Object\Mouse</Filter>
    </ClCompile>
    <ClCompile Include="MoveObject.cpp">
      <Filter>Engine\Object\MoveObject</Filter>
    </ClCompile>
    <ClCompile Include="Player.cpp">
      <Filter>Game\Object\Entity\Player</Filter>
    </ClCompile>
    <ClCompile Include="Physic.cpp">
      <Filter>Engine\Physic</Filter>
    </ClCompile>
    <ClCompile Include="Renderer.cpp">
      <Filter>Engine\Renderer</Filter>
    </ClCompile>
    <ClCompile Include="TextObject.cpp">
      <Filter>Engine\Object\TextObject</Filter>
    </ClCompile>
    <ClCompile Include="TexturedObject.cpp">
      <Filter>Engine\Object\TexturedObject</Filter>
    </ClCompile>
    <ClCompile Include="Texture.cpp">
      <Filter>Engine\Texture</Filter>
    </ClCompile>
    <ClCompile Include="Time.cpp">
      <Filter>Engine\Time</Filter>
    </ClCompile>
    <ClCompile Include="Config.cpp">
      <Filter>Game\Config</Filter>
    </ClCompile>
    <ClCompile Include="Entity.cpp">
      <Filter>Game\Object\Entity\Base</Filter>
    </ClCompile>
    <ClCompile Include="EndScene.cpp">
      <Filter>Game\Scene\EndScene</Filter>
    </ClCompile>
    <ClCompile Include="TextureManagement.cpp">
      <Filter>Engine\Management</Filter>
    </ClCompile>
    <ClCompile Include="Game.cpp">
      <Filter>Game\Core</Filter>
    </ClCompile>
    <ClCompile Include="UpgradeManager.cpp">
      <Filter>Game\UpgradeManager</Filter>
    </ClCompile>
  </ItemGroup>
  <ItemGroup>
    <ClInclude Include="Animation.h">
      <Filter>Engine\Animation</Filter>
    </ClInclude>
    <ClInclude Include="Color.h">
      <Filter>Engine\Utility</Filter>
    </ClInclude>
    <ClInclude Include="Config.h">
      <Filter>Game\Config</Filter>
    </ClInclude>
    <ClInclude Include="ContentManagement.h">
      <Filter>Engine\Management</Filter>
    </ClInclude>
    <ClInclude Include="Engine.h">
      <Filter>Engine\Core</Filter>
    </ClInclude>
    <ClInclude Include="Enums.h">
      <Filter>Engine\Utility</Filter>
    </ClInclude>
    <ClInclude Include="Font.h">
      <Filter>Engine\Font</Filter>
    </ClInclude>
    <ClInclude Include="Enemy.h">
      <Filter>Game\Object\Entity\Enemy</Filter>
    </ClInclude>
    <ClInclude Include="Exitzone.h">
      <Filter>Game\Object\ExitZone</Filter>
    </ClInclude>
    <ClInclude Include="Game.h">
      <Filter>Game\Core</Filter>
    </ClInclude>
    <ClInclude Include="Helper.h">
      <Filter>Engine\Helper</Filter>
    </ClInclude>
    <ClInclude Include="Input.h">
      <Filter>Engine\Input</Filter>
    </ClInclude>
    <ClInclude Include="MainScene.h">
      <Filter>Game\Scene\MainScene</Filter>
    </ClInclude>
    <ClInclude Include="MenuScene.h">
      <Filter>Game\Scene\MenuScene</Filter>
    </ClInclude>
    <ClInclude Include="Macro.h">
      <Filter>Engine\Helper</Filter>
    </ClInclude>
    <ClInclude Include="Mouse.h">
      <Filter>Engine\Object\Mouse</Filter>
    </ClInclude>
    <ClInclude Include="MoveObject.h">
      <Filter>Engine\Object\MoveObject</Filter>
    </ClInclude>
    <ClInclude Include="Object.h">
      <Filter>Engine\Object\Base</Filter>
    </ClInclude>
    <ClInclude Include="Player.h">
      <Filter>Game\Object\Entity\Player</Filter>
    </ClInclude>
    <ClInclude Include="Music.h">
      <Filter>Engine\Music</Filter>
    </ClInclude>
    <ClInclude Include="Physic.h">
      <Filter>Engine\Physic</Filter>
    </ClInclude>
    <ClInclude Include="Rect.h">
      <Filter>Engine\Utility</Filter>
    </ClInclude>
    <ClInclude Include="Vector2.h">
      <Filter>Engine\Utility</Filter>
    </ClInclude>
    <ClInclude Include="Renderer.h">
      <Filter>Engine\Renderer</Filter>
    </ClInclude>
    <ClInclude Include="Sound.h">
      <Filter>Engine\Sound</Filter>
    </ClInclude>
    <ClInclude Include="Scene.h">
      <Filter>Engine\Scene</Filter>
    </ClInclude>
    <ClInclude Include="TextObject.h">
      <Filter>Engine\Object\TextObject</Filter>
    </ClInclude>
    <ClInclude Include="TexturedObject.h">
      <Filter>Engine\Object\TexturedObject</Filter>
    </ClInclude>
    <ClInclude Include="Texture.h">
      <Filter>Engine\Texture</Filter>
    </ClInclude>
    <ClInclude Include="Time.h">
      <Filter>Engine\Time</Filter>
    </ClInclude>
    <ClInclude Include="World.h">
      <Filter>Game\World</Filter>
    </ClInclude>
    <ClInclude Include="Entity.h">
      <Filter>Game\Object\Entity\Base</Filter>
    </ClInclude>
    <ClInclude Include="EndScene.h">
      <Filter>Game\Scene\EndScene</Filter>
    </ClInclude>
    <ClInclude Include="TextureManagement.h">
      <Filter>Engine\Management</Filter>
    </ClInclude>
    <ClInclude Include="UpgradeManager.h">
      <Filter>Game\UpgradeManager</Filter>
    </ClInclude>
    <ClInclude Include="PlayerStats.h">
      <Filter>Game\Object\Entity\Player</Filter>
    </ClInclude>
  </ItemGroup>
  <ItemGroup>
    <Filter Include="Engine">
      <UniqueIdentifier>{ee54bd8d-2acc-4a23-a0a0-1821d7ecf434}</UniqueIdentifier>
    </Filter>
    <Filter Include="Game">
      <UniqueIdentifier>{b0b48b52-780b-4575-8cb8-f6136a5e5177}</UniqueIdentifier>
    </Filter>
    <Filter Include="Engine\Animation">
      <UniqueIdentifier>{4c1b4d57-9cad-40f6-8299-388fbf3ef533}</UniqueIdentifier>
    </Filter>
    <Filter Include="Engine\Core">
      <UniqueIdentifier>{f054553c-9c74-4e73-bd1f-92afd739be4a}</UniqueIdentifier>
    </Filter>
    <Filter Include="Engine\Font">
      <UniqueIdentifier>{b3f019fb-365b-4e1e-b529-ab4a5508155a}</UniqueIdentifier>
    </Filter>
    <Filter Include="Engine\Helper">
      <UniqueIdentifier>{5d47df87-94e0-4775-b2f8-b7d71a6662b1}</UniqueIdentifier>
    </Filter>
    <Filter Include="Engine\Input">
      <UniqueIdentifier>{575b4887-8854-4f76-9130-f59462dc53ad}</UniqueIdentifier>
    </Filter>
    <Filter Include="Engine\Management">
      <UniqueIdentifier>{ed16b861-78b6-4c6a-b386-ece95204ce42}</UniqueIdentifier>
    </Filter>
    <Filter Include="Engine\Music">
      <UniqueIdentifier>{2bcf8969-5d4b-4596-855e-da4c2eff0ed3}</UniqueIdentifier>
    </Filter>
    <Filter Include="Engine\Object">
      <UniqueIdentifier>{66e3b253-6a62-44c3-8813-2449b4ce6f99}</UniqueIdentifier>
    </Filter>
    <Filter Include="Engine\Object\Base">
      <UniqueIdentifier>{dd3a7ef8-34dd-456c-83b3-2f74bb141a94}</UniqueIdentifier>
    </Filter>
    <Filter Include="Engine\Object\Mouse">
      <UniqueIdentifier>{89c51aef-197a-4fce-a2a5-7acd4d6e619d}</UniqueIdentifier>
    </Filter>
    <Filter Include="Engine\Object\MoveObject">
      <UniqueIdentifier>{9aab71ca-c3d7-45bf-81d4-ff9f7ad51fbc}</UniqueIdentifier>
    </Filter>
    <Filter Include="Engine\Object\TextObject">
      <UniqueIdentifier>{847b1b1e-5181-4a9b-8472-9c317e6fe75d}</UniqueIdentifier>
    </Filter>
    <Filter Include="Engine\Object\TexturedObject">
      <UniqueIdentifier>{5c9d5d50-fa1e-40d4-bd5c-5cd13c1824ef}</UniqueIdentifier>
    </Filter>
    <Filter Include="Engine\Physic">
      <UniqueIdentifier>{bbd10123-aa36-44d8-95f8-92b42a6c5f34}</UniqueIdentifier>
    </Filter>
    <Filter Include="Engine\Renderer">
      <UniqueIdentifier>{4f8be069-396b-40a5-ba8a-7a392e1846a2}</UniqueIdentifier>
    </Filter>
    <Filter Include="Engine\Scene">
      <UniqueIdentifier>{d993f9bc-2fb0-4b61-8ea9-de6c9be6c9bf}</UniqueIdentifier>
    </Filter>
    <Filter Include="Engine\Sound">
      <UniqueIdentifier>{4b3ea29f-cf8b-4aaf-a963-aeea66e17dbc}</UniqueIdentifier>
    </Filter>
    <Filter Include="Engine\Texture">
      <UniqueIdentifier>{f8e76015-7dfc-42ae-8201-58e5ce93c927}</UniqueIdentifier>
    </Filter>
    <Filter Include="Engine\Time">
      <UniqueIdentifier>{a8ce8cff-be57-4a0d-90d1-8a57a207793b}</UniqueIdentifier>
    </Filter>
    <Filter Include="Engine\Utility">
      <UniqueIdentifier>{2ff0446c-f120-457e-ba1d-d13e2d5d0fa1}</UniqueIdentifier>
    </Filter>
    <Filter Include="Game\Config">
      <UniqueIdentifier>{a3648053-18ad-4222-8adb-9bb84b8f95c7}</UniqueIdentifier>
    </Filter>
    <Filter Include="Game\Core">
      <UniqueIdentifier>{2c6dd90b-2607-4c80-87cc-0e7f04afaa3d}</UniqueIdentifier>
    </Filter>
    <Filter Include="Game\Object">
      <UniqueIdentifier>{95069598-f8b1-4ba7-89b9-930d00765b4f}</UniqueIdentifier>
    </Filter>
    <Filter Include="Game\Scene">
      <UniqueIdentifier>{d132d26a-bfa7-4211-82a5-fe5652b1a512}</UniqueIdentifier>
    </Filter>
    <Filter Include="Game\Scene\MainScene">
      <UniqueIdentifier>{af0f769b-2e4c-4766-a314-50b2b2064176}</UniqueIdentifier>
    </Filter>
    <Filter Include="Game\Scene\MenuScene">
      <UniqueIdentifier>{094c87b3-2be2-4c37-aa59-7b19ac2c4538}</UniqueIdentifier>
    </Filter>
    <Filter Include="Game\World">
      <UniqueIdentifier>{ef29b39d-db20-4f35-9eaa-ef7ce0b43f65}</UniqueIdentifier>
    </Filter>
    <Filter Include="Game\Object\ExitZone">
      <UniqueIdentifier>{85dff7f1-96b0-4b2e-bb95-f0686ceb1074}</UniqueIdentifier>
    </Filter>
    <Filter Include="Game\Object\Entity">
      <UniqueIdentifier>{ee50c42e-8bda-426c-82ee-6f8757775024}</UniqueIdentifier>
    </Filter>
    <Filter Include="Game\Object\Entity\Enemy">
      <UniqueIdentifier>{3f514c83-161d-4cbd-9faa-32640410a6b7}</UniqueIdentifier>
    </Filter>
    <Filter Include="Game\Object\Entity\Player">
      <UniqueIdentifier>{a11298ab-62d5-48cd-bd95-98d926adcf7d}</UniqueIdentifier>
    </Filter>
    <Filter Include="Game\Object\Entity\Base">
      <UniqueIdentifier>{f0c32c86-8cb4-4a73-91f8-b05266cba2ba}</UniqueIdentifier>
    </Filter>
    <Filter Include="Game\Scene\EndScene">
      <UniqueIdentifier>{5135ce26-a07b-4872-a797-3347965363f2}</UniqueIdentifier>
    </Filter>
    <Filter Include="Game\UpgradeManager">
      <UniqueIdentifier>{b6ab21e8-06f5-4c0c-902c-c5928d3dee1b}</UniqueIdentifier>
    </Filter>
  </ItemGroup>
</Project>